
Microsoft Visual Studio Solution File, Format Version 12.00
# Visual Studio Version 17
VisualStudioVersion = 17.0.32014.148
MinimumVisualStudioVersion = 10.0.40219.1
Project("{FAE04EC0-301F-11D3-BF4B-00C04F79EFBC}") = "RolePlus", "RolePlus\RolePlus.csproj", "{F968BDD8-1852-434D-BF67-7F8C73125D3E}"
EndProject
Project("{2150E333-8FDC-42A3-9474-1A3956D46DE8}") = "Solution Items", "Solution Items", "{0165FC06-2A50-4FD0-9524-9B6E0586D037}"
EndProject
Global
	GlobalSection(SolutionConfigurationPlatforms) = preSolution
		BRANCHAPISUPPRESSION|Any CPU = BRANCHAPISUPPRESSION|Any CPU
		BRANCHAPISUPPRESSION|x64 = BRANCHAPISUPPRESSION|x64
		BRANCHAPISUPPRESSION|x86 = BRANCHAPISUPPRESSION|x86
		CUSTOMAPISUPPRESSION|Any CPU = CUSTOMAPISUPPRESSION|Any CPU
		CUSTOMAPISUPPRESSION|x64 = CUSTOMAPISUPPRESSION|x64
		CUSTOMAPISUPPRESSION|x86 = CUSTOMAPISUPPRESSION|x86
		Debug|Any CPU = Debug|Any CPU
		Debug|x64 = Debug|x64
		Debug|x86 = Debug|x86
		MPGMSUPPRESSION|Any CPU = MPGMSUPPRESSION|Any CPU
		MPGMSUPPRESSION|x64 = MPGMSUPPRESSION|x64
		MPGMSUPPRESSION|x86 = MPGMSUPPRESSION|x86
		Release|Any CPU = Release|Any CPU
		Release|x64 = Release|x64
		Release|x86 = Release|x86
	EndGlobalSection
	GlobalSection(ProjectConfigurationPlatforms) = postSolution
		{F968BDD8-1852-434D-BF67-7F8C73125D3E}.BRANCHAPISUPPRESSION|Any CPU.ActiveCfg = Debug|Any CPU
		{F968BDD8-1852-434D-BF67-7F8C73125D3E}.BRANCHAPISUPPRESSION|Any CPU.Build.0 = Debug|Any CPU
		{F968BDD8-1852-434D-BF67-7F8C73125D3E}.BRANCHAPISUPPRESSION|x64.ActiveCfg = BRANCHAPISUPPRESSION|x64
		{F968BDD8-1852-434D-BF67-7F8C73125D3E}.BRANCHAPISUPPRESSION|x64.Build.0 = BRANCHAPISUPPRESSION|x64
		{F968BDD8-1852-434D-BF67-7F8C73125D3E}.BRANCHAPISUPPRESSION|x86.ActiveCfg = BRANCHAPISUPPRESSION|x86
		{F968BDD8-1852-434D-BF67-7F8C73125D3E}.BRANCHAPISUPPRESSION|x86.Build.0 = BRANCHAPISUPPRESSION|x86
		{F968BDD8-1852-434D-BF67-7F8C73125D3E}.CUSTOMAPISUPPRESSION|Any CPU.ActiveCfg = CUSTOMAPISUPPRESSION|Any CPU
		{F968BDD8-1852-434D-BF67-7F8C73125D3E}.CUSTOMAPISUPPRESSION|Any CPU.Build.0 = CUSTOMAPISUPPRESSION|Any CPU
		{F968BDD8-1852-434D-BF67-7F8C73125D3E}.CUSTOMAPISUPPRESSION|x64.ActiveCfg = CUSTOMAPISUPPRESSION|x64
		{F968BDD8-1852-434D-BF67-7F8C73125D3E}.CUSTOMAPISUPPRESSION|x64.Build.0 = CUSTOMAPISUPPRESSION|x64
		{F968BDD8-1852-434D-BF67-7F8C73125D3E}.CUSTOMAPISUPPRESSION|x86.ActiveCfg = CUSTOMAPISUPPRESSION|x86
		{F968BDD8-1852-434D-BF67-7F8C73125D3E}.CUSTOMAPISUPPRESSION|x86.Build.0 = CUSTOMAPISUPPRESSION|x86
		{F968BDD8-1852-434D-BF67-7F8C73125D3E}.Debug|Any CPU.ActiveCfg = Debug|Any CPU
		{F968BDD8-1852-434D-BF67-7F8C73125D3E}.Debug|Any CPU.Build.0 = Debug|Any CPU
		{F968BDD8-1852-434D-BF67-7F8C73125D3E}.Debug|x64.ActiveCfg = Debug|x64
		{F968BDD8-1852-434D-BF67-7F8C73125D3E}.Debug|x64.Build.0 = Debug|x64
		{F968BDD8-1852-434D-BF67-7F8C73125D3E}.Debug|x86.ActiveCfg = Debug|Any CPU
		{F968BDD8-1852-434D-BF67-7F8C73125D3E}.Debug|x86.Build.0 = Debug|Any CPU
		{F968BDD8-1852-434D-BF67-7F8C73125D3E}.MPGMSUPPRESSION|Any CPU.ActiveCfg = MPGMSUPPRESSION|Any CPU
		{F968BDD8-1852-434D-BF67-7F8C73125D3E}.MPGMSUPPRESSION|Any CPU.Build.0 = MPGMSUPPRESSION|Any CPU
		{F968BDD8-1852-434D-BF67-7F8C73125D3E}.MPGMSUPPRESSION|x64.ActiveCfg = MPGMSUPPRESSION|x64
		{F968BDD8-1852-434D-BF67-7F8C73125D3E}.MPGMSUPPRESSION|x64.Build.0 = MPGMSUPPRESSION|x64
		{F968BDD8-1852-434D-BF67-7F8C73125D3E}.MPGMSUPPRESSION|x86.ActiveCfg = MPGMSUPPRESSION|x86
		{F968BDD8-1852-434D-BF67-7F8C73125D3E}.MPGMSUPPRESSION|x86.Build.0 = MPGMSUPPRESSION|x86
		{F968BDD8-1852-434D-BF67-7F8C73125D3E}.Release|Any CPU.ActiveCfg = Release|Any CPU
		{F968BDD8-1852-434D-BF67-7F8C73125D3E}.Release|Any CPU.Build.0 = Release|Any CPU
		{F968BDD8-1852-434D-BF67-7F8C73125D3E}.Release|x64.ActiveCfg = Release|x64
		{F968BDD8-1852-434D-BF67-7F8C73125D3E}.Release|x64.Build.0 = Release|x64
		{F968BDD8-1852-434D-BF67-7F8C73125D3E}.Release|x86.ActiveCfg = Release|x86
		{F968BDD8-1852-434D-BF67-7F8C73125D3E}.Release|x86.Build.0 = Release|x86
	EndGlobalSection
	GlobalSection(SolutionProperties) = preSolution
		HideSolutionNode = FALSE
	EndGlobalSection
	GlobalSection(ExtensibilityGlobals) = postSolution
		SolutionGuid = {F71E2EE1-3341-4CBA-A37E-A8007CCE53FB}
	EndGlobalSection
EndGlobal
